# This file is automatically @generated by Cargo.
# It is not intended for manual editing.
version = 3

[[package]]
name = "anyhow"
version = "1.0.86"

[[package]]
name = "mio"
version = "0.8.11"

[[package]]
name = "proc-macro2"
version = "1.0.86"
dependencies = [
 "unicode-ident",
]

[[package]]
name = "quote"
version = "1.0.36"
dependencies = [
 "proc-macro2",
]

[[package]]
name = "sample-cargo-project"
version = "0.1.0"
dependencies = [
 "anyhow",
 "serde",
 "tokio",
]

[[package]]
name = "serde"
version = "1.0.203"
dependencies = [
 "serde_derive",
]

[[package]]
name = "serde_derive"
version = "1.0.203"
dependencies = [
 "proc-macro2",
 "quote",
 "syn",
]

[[package]]
name = "syn"
version = "2.0.68"
dependencies = [
 "proc-macro2",
 "quote",
 "unicode-ident",
]

[[package]]
name = "tokio"
version = "1.38.0"
dependencies = [
 "mio",
]

[[package]]
name = "unicode-ident"
version = "1.0.12"
